// !$*UTF8*$!
{
	archiveVersion = 1;
	classes = {
	};
	objectVersion = 50;
	objects = {

/* Begin PBXBuildFile section */
		0F1387DC20BB861400E78B25 /* HandoffViewController.swift in Sources */ = {isa = PBXBuildFile; fileRef = 0F1387DB20BB861400E78B25 /* HandoffViewController.swift */; };
		0F1387DE20BB8AF500E78B25 /* QRScannerController.swift in Sources */ = {isa = PBXBuildFile; fileRef = 0F1387DD20BB8AF500E78B25 /* QRScannerController.swift */; };
		0F1387E620BB952800E78B25 /* APICalls.swift in Sources */ = {isa = PBXBuildFile; fileRef = 0F1387E520BB952800E78B25 /* APICalls.swift */; };
		0F1387E820BB99CD00E78B25 /* AWSAPI_DI8UQ5E635_RequestSchema.m in Sources */ = {isa = PBXBuildFile; fileRef = 0F1387E720BB99CD00E78B25 /* AWSAPI_DI8UQ5E635_RequestSchema.m */; };
		0F1387EA20BB99D100E78B25 /* AWSAPI_DI8UQ5E635_ResponseSchema.m in Sources */ = {isa = PBXBuildFile; fileRef = 0F1387E920BB99D100E78B25 /* AWSAPI_DI8UQ5E635_ResponseSchema.m */; };
		0F1387EC20BB99D900E78B25 /* AWSAPI_DI8UQ5E635_StyleRentAPIMobileHubClient.m in Sources */ = {isa = PBXBuildFile; fileRef = 0F1387EB20BB99D900E78B25 /* AWSAPI_DI8UQ5E635_StyleRentAPIMobileHubClient.m */; };
		0F1387F220BB9CE000E78B25 /* StringExtension.swift in Sources */ = {isa = PBXBuildFile; fileRef = 0F1387F120BB9CE000E78B25 /* StringExtension.swift */; };
		0F384A6D20C9F66C0036141B /* ListingCell.swift in Sources */ = {isa = PBXBuildFile; fileRef = 0F384A6B20C9F66C0036141B /* ListingCell.swift */; };
		0F384A6E20C9F66C0036141B /* ListingCell.xib in Resources */ = {isa = PBXBuildFile; fileRef = 0F384A6C20C9F66C0036141B /* ListingCell.xib */; };
		0F47BF1C20B63C4C00C2CA55 /* DB.swift in Sources */ = {isa = PBXBuildFile; fileRef = 0F47BF1B20B63C4C00C2CA55 /* DB.swift */; };
		0F47BF2420B63D3500C2CA55 /* StyleRentTests.swift in Sources */ = {isa = PBXBuildFile; fileRef = 0F47BF2320B63D3500C2CA55 /* StyleRentTests.swift */; };
		0F47BF2F20B63DBC00C2CA55 /* DB.swift in Sources */ = {isa = PBXBuildFile; fileRef = 0F47BF1B20B63C4C00C2CA55 /* DB.swift */; };
		0F47BF3120B642B000C2CA55 /* UIViewControllerExtension.swift in Sources */ = {isa = PBXBuildFile; fileRef = 0F47BF3020B642B000C2CA55 /* UIViewControllerExtension.swift */; };
		0F47BF3520B6553A00C2CA55 /* Bolts.framework in Frameworks */ = {isa = PBXBuildFile; fileRef = 0F47BF3420B6553A00C2CA55 /* Bolts.framework */; };
		0F47BF4020B7E7E600C2CA55 /* User.swift in Sources */ = {isa = PBXBuildFile; fileRef = 0F47BF3C20B7E7E500C2CA55 /* User.swift */; };
		0F47BF4120B7E7E600C2CA55 /* Ratings.swift in Sources */ = {isa = PBXBuildFile; fileRef = 0F47BF3D20B7E7E500C2CA55 /* Ratings.swift */; };
		0F47BF4220B7E7E600C2CA55 /* Rental.swift in Sources */ = {isa = PBXBuildFile; fileRef = 0F47BF3E20B7E7E500C2CA55 /* Rental.swift */; };
		0F47BF4320B7E7E600C2CA55 /* Listing.swift in Sources */ = {isa = PBXBuildFile; fileRef = 0F47BF3F20B7E7E600C2CA55 /* Listing.swift */; };
		0F47BF4620B7EFA800C2CA55 /* ListingViewController.swift in Sources */ = {isa = PBXBuildFile; fileRef = 0F47BF4520B7EFA800C2CA55 /* ListingViewController.swift */; };
		0F47BF4820B7EFB400C2CA55 /* Globals.swift in Sources */ = {isa = PBXBuildFile; fileRef = 0F47BF4720B7EFB400C2CA55 /* Globals.swift */; };
		0F47BF4A20B937FF00C2CA55 /* awsconfiguration.json in Resources */ = {isa = PBXBuildFile; fileRef = 0F47BF4920B937FE00C2CA55 /* awsconfiguration.json */; };
		0F47BF4C20B9388D00C2CA55 /* CreateListingViewController.swift in Sources */ = {isa = PBXBuildFile; fileRef = 0F47BF4B20B9388D00C2CA55 /* CreateListingViewController.swift */; };
		0F47BF4E20B9435200C2CA55 /* Constants.swift in Sources */ = {isa = PBXBuildFile; fileRef = 0F47BF4D20B9435200C2CA55 /* Constants.swift */; };
		0FA2D17E20B5FBA500D7F243 /* AppDelegate.swift in Sources */ = {isa = PBXBuildFile; fileRef = 0FA2D17D20B5FBA500D7F243 /* AppDelegate.swift */; };
		0FA2D18020B5FBA500D7F243 /* LoginViewController.swift in Sources */ = {isa = PBXBuildFile; fileRef = 0FA2D17F20B5FBA500D7F243 /* LoginViewController.swift */; };
		0FA2D18320B5FBA500D7F243 /* Main.storyboard in Resources */ = {isa = PBXBuildFile; fileRef = 0FA2D18120B5FBA500D7F243 /* Main.storyboard */; };
		0FA2D18520B5FBA800D7F243 /* Assets.xcassets in Resources */ = {isa = PBXBuildFile; fileRef = 0FA2D18420B5FBA800D7F243 /* Assets.xcassets */; };
		0FA2D18820B5FBA800D7F243 /* LaunchScreen.storyboard in Resources */ = {isa = PBXBuildFile; fileRef = 0FA2D18620B5FBA800D7F243 /* LaunchScreen.storyboard */; };
		64E015F2B8614B766683CAE5 /* Pods_StyleRent.framework in Frameworks */ = {isa = PBXBuildFile; fileRef = C2F974B44D93D6531FCA8733 /* Pods_StyleRent.framework */; };
/* End PBXBuildFile section */

/* Begin PBXContainerItemProxy section */
		0F47BF2620B63D3500C2CA55 /* PBXContainerItemProxy */ = {
			isa = PBXContainerItemProxy;
			containerPortal = 0FA2D17220B5FBA500D7F243 /* Project object */;
			proxyType = 1;
			remoteGlobalIDString = 0FA2D17920B5FBA500D7F243;
			remoteInfo = StyleRent;
		};
/* End PBXContainerItemProxy section */

/* Begin PBXFileReference section */
		0F1387DB20BB861400E78B25 /* HandoffViewController.swift */ = {isa = PBXFileReference; lastKnownFileType = sourcecode.swift; path = HandoffViewController.swift; sourceTree = "<group>"; };
		0F1387DD20BB8AF500E78B25 /* QRScannerController.swift */ = {isa = PBXFileReference; fileEncoding = 4; lastKnownFileType = sourcecode.swift; path = QRScannerController.swift; sourceTree = "<group>"; };
		0F1387E220BB93B800E78B25 /* Bridging_Header.h */ = {isa = PBXFileReference; fileEncoding = 4; lastKnownFileType = sourcecode.c.h; path = Bridging_Header.h; sourceTree = "<group>"; };
		0F1387E520BB952800E78B25 /* APICalls.swift */ = {isa = PBXFileReference; lastKnownFileType = sourcecode.swift; path = APICalls.swift; sourceTree = "<group>"; };
		0F1387E720BB99CD00E78B25 /* AWSAPI_DI8UQ5E635_RequestSchema.m */ = {isa = PBXFileReference; lastKnownFileType = sourcecode.c.objc; path = AWSAPI_DI8UQ5E635_RequestSchema.m; sourceTree = "<group>"; };
		0F1387E920BB99D100E78B25 /* AWSAPI_DI8UQ5E635_ResponseSchema.m */ = {isa = PBXFileReference; lastKnownFileType = sourcecode.c.objc; path = AWSAPI_DI8UQ5E635_ResponseSchema.m; sourceTree = "<group>"; };
		0F1387EB20BB99D900E78B25 /* AWSAPI_DI8UQ5E635_StyleRentAPIMobileHubClient.m */ = {isa = PBXFileReference; lastKnownFileType = sourcecode.c.objc; path = AWSAPI_DI8UQ5E635_StyleRentAPIMobileHubClient.m; sourceTree = "<group>"; };
		0F1387ED20BB99E200E78B25 /* AWSAPI_DI8UQ5E635_StyleRentAPIMobileHubClient.h */ = {isa = PBXFileReference; lastKnownFileType = sourcecode.c.h; path = AWSAPI_DI8UQ5E635_StyleRentAPIMobileHubClient.h; sourceTree = "<group>"; };
		0F1387EE20BB99E300E78B25 /* AWSAPI_DI8UQ5E635_ResponseSchema.h */ = {isa = PBXFileReference; lastKnownFileType = sourcecode.c.h; path = AWSAPI_DI8UQ5E635_ResponseSchema.h; sourceTree = "<group>"; };
		0F1387EF20BB99E900E78B25 /* AWSAPI_DI8UQ5E635_RequestSchema.h */ = {isa = PBXFileReference; lastKnownFileType = sourcecode.c.h; path = AWSAPI_DI8UQ5E635_RequestSchema.h; sourceTree = "<group>"; };
		0F1387F120BB9CE000E78B25 /* StringExtension.swift */ = {isa = PBXFileReference; lastKnownFileType = sourcecode.swift; path = StringExtension.swift; sourceTree = "<group>"; };
		0F384A6B20C9F66C0036141B /* ListingCell.swift */ = {isa = PBXFileReference; lastKnownFileType = sourcecode.swift; path = ListingCell.swift; sourceTree = "<group>"; };
		0F384A6C20C9F66C0036141B /* ListingCell.xib */ = {isa = PBXFileReference; lastKnownFileType = file.xib; path = ListingCell.xib; sourceTree = "<group>"; };
		0F47BF1B20B63C4C00C2CA55 /* DB.swift */ = {isa = PBXFileReference; lastKnownFileType = sourcecode.swift; path = DB.swift; sourceTree = "<group>"; };
		0F47BF2120B63D3500C2CA55 /* StyleRentTests.xctest */ = {isa = PBXFileReference; explicitFileType = wrapper.cfbundle; includeInIndex = 0; path = StyleRentTests.xctest; sourceTree = BUILT_PRODUCTS_DIR; };
		0F47BF2320B63D3500C2CA55 /* StyleRentTests.swift */ = {isa = PBXFileReference; lastKnownFileType = sourcecode.swift; path = StyleRentTests.swift; sourceTree = "<group>"; };
		0F47BF2520B63D3500C2CA55 /* Info.plist */ = {isa = PBXFileReference; lastKnownFileType = text.plist.xml; path = Info.plist; sourceTree = "<group>"; };
		0F47BF3020B642B000C2CA55 /* UIViewControllerExtension.swift */ = {isa = PBXFileReference; lastKnownFileType = sourcecode.swift; path = UIViewControllerExtension.swift; sourceTree = "<group>"; };
		0F47BF3420B6553A00C2CA55 /* Bolts.framework */ = {isa = PBXFileReference; lastKnownFileType = wrapper.framework; path = Bolts.framework; sourceTree = "<group>"; };
		0F47BF3C20B7E7E500C2CA55 /* User.swift */ = {isa = PBXFileReference; fileEncoding = 4; lastKnownFileType = sourcecode.swift; path = User.swift; sourceTree = "<group>"; };
		0F47BF3D20B7E7E500C2CA55 /* Ratings.swift */ = {isa = PBXFileReference; fileEncoding = 4; lastKnownFileType = sourcecode.swift; path = Ratings.swift; sourceTree = "<group>"; };
		0F47BF3E20B7E7E500C2CA55 /* Rental.swift */ = {isa = PBXFileReference; fileEncoding = 4; lastKnownFileType = sourcecode.swift; path = Rental.swift; sourceTree = "<group>"; };
		0F47BF3F20B7E7E600C2CA55 /* Listing.swift */ = {isa = PBXFileReference; fileEncoding = 4; lastKnownFileType = sourcecode.swift; path = Listing.swift; sourceTree = "<group>"; };
		0F47BF4520B7EFA800C2CA55 /* ListingViewController.swift */ = {isa = PBXFileReference; lastKnownFileType = sourcecode.swift; path = ListingViewController.swift; sourceTree = "<group>"; };
		0F47BF4720B7EFB400C2CA55 /* Globals.swift */ = {isa = PBXFileReference; lastKnownFileType = sourcecode.swift; path = Globals.swift; sourceTree = "<group>"; };
		0F47BF4920B937FE00C2CA55 /* awsconfiguration.json */ = {isa = PBXFileReference; fileEncoding = 4; lastKnownFileType = text.json; path = awsconfiguration.json; sourceTree = "<group>"; };
		0F47BF4B20B9388D00C2CA55 /* CreateListingViewController.swift */ = {isa = PBXFileReference; lastKnownFileType = sourcecode.swift; path = CreateListingViewController.swift; sourceTree = "<group>"; };
		0F47BF4D20B9435200C2CA55 /* Constants.swift */ = {isa = PBXFileReference; lastKnownFileType = sourcecode.swift; path = Constants.swift; sourceTree = "<group>"; };
		0FA2D17A20B5FBA500D7F243 /* StyleRent.app */ = {isa = PBXFileReference; explicitFileType = wrapper.application; includeInIndex = 0; path = StyleRent.app; sourceTree = BUILT_PRODUCTS_DIR; };
		0FA2D17D20B5FBA500D7F243 /* AppDelegate.swift */ = {isa = PBXFileReference; lastKnownFileType = sourcecode.swift; path = AppDelegate.swift; sourceTree = "<group>"; };
		0FA2D17F20B5FBA500D7F243 /* LoginViewController.swift */ = {isa = PBXFileReference; lastKnownFileType = sourcecode.swift; path = LoginViewController.swift; sourceTree = "<group>"; };
		0FA2D18220B5FBA500D7F243 /* Base */ = {isa = PBXFileReference; lastKnownFileType = file.storyboard; name = Base; path = Base.lproj/Main.storyboard; sourceTree = "<group>"; };
		0FA2D18420B5FBA800D7F243 /* Assets.xcassets */ = {isa = PBXFileReference; lastKnownFileType = folder.assetcatalog; path = Assets.xcassets; sourceTree = "<group>"; };
		0FA2D18720B5FBA800D7F243 /* Base */ = {isa = PBXFileReference; lastKnownFileType = file.storyboard; name = Base; path = Base.lproj/LaunchScreen.storyboard; sourceTree = "<group>"; };
		0FA2D18920B5FBA800D7F243 /* Info.plist */ = {isa = PBXFileReference; lastKnownFileType = text.plist.xml; path = Info.plist; sourceTree = "<group>"; };
		13CD6D88FC7021165C65618F /* Pods-StyleRent.release.xcconfig */ = {isa = PBXFileReference; includeInIndex = 1; lastKnownFileType = text.xcconfig; name = "Pods-StyleRent.release.xcconfig"; path = "Pods/Target Support Files/Pods-StyleRent/Pods-StyleRent.release.xcconfig"; sourceTree = "<group>"; };
		81724D835042D626E98E91D4 /* Pods-StyleRent.debug.xcconfig */ = {isa = PBXFileReference; includeInIndex = 1; lastKnownFileType = text.xcconfig; name = "Pods-StyleRent.debug.xcconfig"; path = "Pods/Target Support Files/Pods-StyleRent/Pods-StyleRent.debug.xcconfig"; sourceTree = "<group>"; };
		C2F974B44D93D6531FCA8733 /* Pods_StyleRent.framework */ = {isa = PBXFileReference; explicitFileType = wrapper.framework; includeInIndex = 0; path = Pods_StyleRent.framework; sourceTree = BUILT_PRODUCTS_DIR; };
/* End PBXFileReference section */

/* Begin PBXFrameworksBuildPhase section */
		0F47BF1E20B63D3500C2CA55 /* Frameworks */ = {
			isa = PBXFrameworksBuildPhase;
			buildActionMask = 2147483647;
			files = (
			);
			runOnlyForDeploymentPostprocessing = 0;
		};
		0FA2D17720B5FBA500D7F243 /* Frameworks */ = {
			isa = PBXFrameworksBuildPhase;
			buildActionMask = 2147483647;
			files = (
				64E015F2B8614B766683CAE5 /* Pods_StyleRent.framework in Frameworks */,
				0F47BF3520B6553A00C2CA55 /* Bolts.framework in Frameworks */,
			);
			runOnlyForDeploymentPostprocessing = 0;
		};
/* End PBXFrameworksBuildPhase section */

/* Begin PBXGroup section */
		0F1387DF20BB8FB800E78B25 /* Structs */ = {
			isa = PBXGroup;
			children = (
				0F47BF1B20B63C4C00C2CA55 /* DB.swift */,
				0F1387E520BB952800E78B25 /* APICalls.swift */,
				0F47BF4720B7EFB400C2CA55 /* Globals.swift */,
				0F47BF4D20B9435200C2CA55 /* Constants.swift */,
			);
			path = Structs;
			sourceTree = "<group>";
		};
		0F1387E020BB8FCF00E78B25 /* XIBs and their VCs */ = {
			isa = PBXGroup;
			children = (
				0F384A6B20C9F66C0036141B /* ListingCell.swift */,
				0F384A6C20C9F66C0036141B /* ListingCell.xib */,
			);
			path = "XIBs and their VCs";
			sourceTree = "<group>";
		};
		0F1387F020BB9A0B00E78B25 /* API */ = {
			isa = PBXGroup;
			children = (
				0F1387EE20BB99E300E78B25 /* AWSAPI_DI8UQ5E635_ResponseSchema.h */,
				0F1387EF20BB99E900E78B25 /* AWSAPI_DI8UQ5E635_RequestSchema.h */,
				0F1387ED20BB99E200E78B25 /* AWSAPI_DI8UQ5E635_StyleRentAPIMobileHubClient.h */,
				0F1387EB20BB99D900E78B25 /* AWSAPI_DI8UQ5E635_StyleRentAPIMobileHubClient.m */,
				0F1387E920BB99D100E78B25 /* AWSAPI_DI8UQ5E635_ResponseSchema.m */,
				0F1387E720BB99CD00E78B25 /* AWSAPI_DI8UQ5E635_RequestSchema.m */,
			);
			path = API;
			sourceTree = "<group>";
		};
		0F1387F320BB9CF300E78B25 /* Extensions */ = {
			isa = PBXGroup;
			children = (
				0F1387F120BB9CE000E78B25 /* StringExtension.swift */,
				0F47BF3020B642B000C2CA55 /* UIViewControllerExtension.swift */,
			);
			path = Extensions;
			sourceTree = "<group>";
		};
		0F47BF2220B63D3500C2CA55 /* StyleRentTests */ = {
			isa = PBXGroup;
			children = (
				0F47BF2320B63D3500C2CA55 /* StyleRentTests.swift */,
				0F47BF2520B63D3500C2CA55 /* Info.plist */,
			);
			path = StyleRentTests;
			sourceTree = "<group>";
		};
		0F47BF4420B7E7EE00C2CA55 /* Models */ = {
			isa = PBXGroup;
			children = (
				0F47BF3F20B7E7E600C2CA55 /* Listing.swift */,
				0F47BF3D20B7E7E500C2CA55 /* Ratings.swift */,
				0F47BF3E20B7E7E500C2CA55 /* Rental.swift */,
				0F47BF3C20B7E7E500C2CA55 /* User.swift */,
			);
			name = Models;
			path = "New Group";
			sourceTree = "<group>";
		};
		0FA2D17120B5FBA500D7F243 = {
			isa = PBXGroup;
			children = (
				0FA2D17C20B5FBA500D7F243 /* StyleRent */,
				0F47BF2220B63D3500C2CA55 /* StyleRentTests */,
				0FA2D17B20B5FBA500D7F243 /* Products */,
				FA1CF9EF4DF9CB4ADBA51072 /* Pods */,
				B7A79CD2EA7DC9DCAC30519D /* Frameworks */,
			);
			sourceTree = "<group>";
		};
		0FA2D17B20B5FBA500D7F243 /* Products */ = {
			isa = PBXGroup;
			children = (
				0FA2D17A20B5FBA500D7F243 /* StyleRent.app */,
				0F47BF2120B63D3500C2CA55 /* StyleRentTests.xctest */,
			);
			name = Products;
			sourceTree = "<group>";
		};
		0FA2D17C20B5FBA500D7F243 /* StyleRent */ = {
			isa = PBXGroup;
			children = (
				0FA2D18120B5FBA500D7F243 /* Main.storyboard */,
				0FA2D17D20B5FBA500D7F243 /* AppDelegate.swift */,
				0F1387E220BB93B800E78B25 /* Bridging_Header.h */,
				0F1387F020BB9A0B00E78B25 /* API */,
				0F47BF4420B7E7EE00C2CA55 /* Models */,
				0F1387DF20BB8FB800E78B25 /* Structs */,
				0FA2D17F20B5FBA500D7F243 /* LoginViewController.swift */,
				0F47BF4520B7EFA800C2CA55 /* ListingViewController.swift */,
				0F47BF4B20B9388D00C2CA55 /* CreateListingViewController.swift */,
				0F1387F320BB9CF300E78B25 /* Extensions */,
				0F1387DD20BB8AF500E78B25 /* QRScannerController.swift */,
				0F1387DB20BB861400E78B25 /* HandoffViewController.swift */,
				0FA2D18420B5FBA800D7F243 /* Assets.xcassets */,
				0FA2D18620B5FBA800D7F243 /* LaunchScreen.storyboard */,
				0F47BF4920B937FE00C2CA55 /* awsconfiguration.json */,
				0FA2D18920B5FBA800D7F243 /* Info.plist */,
				0F1387E020BB8FCF00E78B25 /* XIBs and their VCs */,
			);
			path = StyleRent;
			sourceTree = "<group>";
		};
		B7A79CD2EA7DC9DCAC30519D /* Frameworks */ = {
			isa = PBXGroup;
			children = (
				0F47BF3420B6553A00C2CA55 /* Bolts.framework */,
				C2F974B44D93D6531FCA8733 /* Pods_StyleRent.framework */,
			);
			name = Frameworks;
			sourceTree = "<group>";
		};
		FA1CF9EF4DF9CB4ADBA51072 /* Pods */ = {
			isa = PBXGroup;
			children = (
				81724D835042D626E98E91D4 /* Pods-StyleRent.debug.xcconfig */,
				13CD6D88FC7021165C65618F /* Pods-StyleRent.release.xcconfig */,
			);
			name = Pods;
			sourceTree = "<group>";
		};
/* End PBXGroup section */

/* Begin PBXNativeTarget section */
		0F47BF2020B63D3500C2CA55 /* StyleRentTests */ = {
			isa = PBXNativeTarget;
			buildConfigurationList = 0F47BF2820B63D3500C2CA55 /* Build configuration list for PBXNativeTarget "StyleRentTests" */;
			buildPhases = (
				0F47BF1D20B63D3500C2CA55 /* Sources */,
				0F47BF1E20B63D3500C2CA55 /* Frameworks */,
				0F47BF1F20B63D3500C2CA55 /* Resources */,
			);
			buildRules = (
			);
			dependencies = (
				0F47BF2720B63D3500C2CA55 /* PBXTargetDependency */,
			);
			name = StyleRentTests;
			productName = StyleRentTests;
			productReference = 0F47BF2120B63D3500C2CA55 /* StyleRentTests.xctest */;
			productType = "com.apple.product-type.bundle.unit-test";
		};
		0FA2D17920B5FBA500D7F243 /* StyleRent */ = {
			isa = PBXNativeTarget;
			buildConfigurationList = 0FA2D18C20B5FBA800D7F243 /* Build configuration list for PBXNativeTarget "StyleRent" */;
			buildPhases = (
				E680F7BBDA3777CB3E47D06A /* [CP] Check Pods Manifest.lock */,
				0FA2D17620B5FBA500D7F243 /* Sources */,
				0FA2D17720B5FBA500D7F243 /* Frameworks */,
				0FA2D17820B5FBA500D7F243 /* Resources */,
				5BDBBCCD2070D5052EF8DBEE /* [CP] Embed Pods Frameworks */,
			);
			buildRules = (
			);
			dependencies = (
			);
			name = StyleRent;
			productName = StyleRent;
			productReference = 0FA2D17A20B5FBA500D7F243 /* StyleRent.app */;
			productType = "com.apple.product-type.application";
		};
/* End PBXNativeTarget section */

/* Begin PBXProject section */
		0FA2D17220B5FBA500D7F243 /* Project object */ = {
			isa = PBXProject;
			attributes = {
				LastSwiftUpdateCheck = 0930;
				LastUpgradeCheck = 0930;
				ORGANIZATIONNAME = "Rohin Bhushan";
				TargetAttributes = {
					0F47BF2020B63D3500C2CA55 = {
						CreatedOnToolsVersion = 9.3.1;
						TestTargetID = 0FA2D17920B5FBA500D7F243;
					};
					0FA2D17920B5FBA500D7F243 = {
						CreatedOnToolsVersion = 9.3.1;
					};
				};
			};
			buildConfigurationList = 0FA2D17520B5FBA500D7F243 /* Build configuration list for PBXProject "StyleRent" */;
			compatibilityVersion = "Xcode 9.3";
			developmentRegion = en;
			hasScannedForEncodings = 0;
			knownRegions = (
				en,
				Base,
			);
			mainGroup = 0FA2D17120B5FBA500D7F243;
			productRefGroup = 0FA2D17B20B5FBA500D7F243 /* Products */;
			projectDirPath = "";
			projectRoot = "";
			targets = (
				0FA2D17920B5FBA500D7F243 /* StyleRent */,
				0F47BF2020B63D3500C2CA55 /* StyleRentTests */,
			);
		};
/* End PBXProject section */

/* Begin PBXResourcesBuildPhase section */
		0F47BF1F20B63D3500C2CA55 /* Resources */ = {
			isa = PBXResourcesBuildPhase;
			buildActionMask = 2147483647;
			files = (
			);
			runOnlyForDeploymentPostprocessing = 0;
		};
		0FA2D17820B5FBA500D7F243 /* Resources */ = {
			isa = PBXResourcesBuildPhase;
			buildActionMask = 2147483647;
			files = (
				0FA2D18820B5FBA800D7F243 /* LaunchScreen.storyboard in Resources */,
				0FA2D18520B5FBA800D7F243 /* Assets.xcassets in Resources */,
				0FA2D18320B5FBA500D7F243 /* Main.storyboard in Resources */,
				0F47BF4A20B937FF00C2CA55 /* awsconfiguration.json in Resources */,
				0F384A6E20C9F66C0036141B /* ListingCell.xib in Resources */,
			);
			runOnlyForDeploymentPostprocessing = 0;
		};
/* End PBXResourcesBuildPhase section */

/* Begin PBXShellScriptBuildPhase section */
		5BDBBCCD2070D5052EF8DBEE /* [CP] Embed Pods Frameworks */ = {
			isa = PBXShellScriptBuildPhase;
			buildActionMask = 2147483647;
			files = (
			);
			inputPaths = (
				"${SRCROOT}/Pods/Target Support Files/Pods-StyleRent/Pods-StyleRent-frameworks.sh",
				"${BUILT_PRODUCTS_DIR}/AWSAPIGateway/AWSAPIGateway.framework",
				"${BUILT_PRODUCTS_DIR}/AWSAuthCore/AWSAuthCore.framework",
				"${BUILT_PRODUCTS_DIR}/AWSCore/AWSCore.framework",
				"${BUILT_PRODUCTS_DIR}/AWSDynamoDB/AWSDynamoDB.framework",
				"${BUILT_PRODUCTS_DIR}/AWSMobileClient/AWSMobileClient.framework",
				"${BUILT_PRODUCTS_DIR}/AWSS3/AWSS3.framework",
				"${BUILT_PRODUCTS_DIR}/Bolts/Bolts.framework",
				"${BUILT_PRODUCTS_DIR}/FBSDKCoreKit/FBSDKCoreKit.framework",
				"${BUILT_PRODUCTS_DIR}/FBSDKLoginKit/FBSDKLoginKit.framework",
				"${BUILT_PRODUCTS_DIR}/FBSDKShareKit/FBSDKShareKit.framework",
			);
			name = "[CP] Embed Pods Frameworks";
			outputPaths = (
				"${TARGET_BUILD_DIR}/${FRAMEWORKS_FOLDER_PATH}/AWSAPIGateway.framework",
				"${TARGET_BUILD_DIR}/${FRAMEWORKS_FOLDER_PATH}/AWSAuthCore.framework",
				"${TARGET_BUILD_DIR}/${FRAMEWORKS_FOLDER_PATH}/AWSCore.framework",
				"${TARGET_BUILD_DIR}/${FRAMEWORKS_FOLDER_PATH}/AWSDynamoDB.framework",
				"${TARGET_BUILD_DIR}/${FRAMEWORKS_FOLDER_PATH}/AWSMobileClient.framework",
				"${TARGET_BUILD_DIR}/${FRAMEWORKS_FOLDER_PATH}/AWSS3.framework",
				"${TARGET_BUILD_DIR}/${FRAMEWORKS_FOLDER_PATH}/Bolts.framework",
				"${TARGET_BUILD_DIR}/${FRAMEWORKS_FOLDER_PATH}/FBSDKCoreKit.framework",
				"${TARGET_BUILD_DIR}/${FRAMEWORKS_FOLDER_PATH}/FBSDKLoginKit.framework",
				"${TARGET_BUILD_DIR}/${FRAMEWORKS_FOLDER_PATH}/FBSDKShareKit.framework",
			);
			runOnlyForDeploymentPostprocessing = 0;
			shellPath = /bin/sh;
			shellScript = "\"${SRCROOT}/Pods/Target Support Files/Pods-StyleRent/Pods-StyleRent-frameworks.sh\"\n";
			showEnvVarsInLog = 0;
		};
		E680F7BBDA3777CB3E47D06A /* [CP] Check Pods Manifest.lock */ = {
			isa = PBXShellScriptBuildPhase;
			buildActionMask = 2147483647;
			files = (
			);
			inputPaths = (
				"${PODS_PODFILE_DIR_PATH}/Podfile.lock",
				"${PODS_ROOT}/Manifest.lock",
			);
			name = "[CP] Check Pods Manifest.lock";
			outputPaths = (
				"$(DERIVED_FILE_DIR)/Pods-StyleRent-checkManifestLockResult.txt",
			);
			runOnlyForDeploymentPostprocessing = 0;
			shellPath = /bin/sh;
			shellScript = "diff \"${PODS_PODFILE_DIR_PATH}/Podfile.lock\" \"${PODS_ROOT}/Manifest.lock\" > /dev/null\nif [ $? != 0 ] ; then\n    # print error to STDERR\n    echo \"error: The sandbox is not in sync with the Podfile.lock. Run 'pod install' or update your CocoaPods installation.\" >&2\n    exit 1\nfi\n# This output is used by Xcode 'outputs' to avoid re-running this script phase.\necho \"SUCCESS\" > \"${SCRIPT_OUTPUT_FILE_0}\"\n";
			showEnvVarsInLog = 0;
		};
/* End PBXShellScriptBuildPhase section */

/* Begin PBXSourcesBuildPhase section */
		0F47BF1D20B63D3500C2CA55 /* Sources */ = {
			isa = PBXSourcesBuildPhase;
			buildActionMask = 2147483647;
			files = (
				0F47BF2420B63D3500C2CA55 /* StyleRentTests.swift in Sources */,
				0F47BF2F20B63DBC00C2CA55 /* DB.swift in Sources */,
			);
			runOnlyForDeploymentPostprocessing = 0;
		};
		0FA2D17620B5FBA500D7F243 /* Sources */ = {
			isa = PBXSourcesBuildPhase;
			buildActionMask = 2147483647;
			files = (
				0F47BF4620B7EFA800C2CA55 /* ListingViewController.swift in Sources */,
				0F1387EC20BB99D900E78B25 /* AWSAPI_DI8UQ5E635_StyleRentAPIMobileHubClient.m in Sources */,
				0F384A6D20C9F66C0036141B /* ListingCell.swift in Sources */,
				0F1387DC20BB861400E78B25 /* HandoffViewController.swift in Sources */,
				0F1387E620BB952800E78B25 /* APICalls.swift in Sources */,
				0F1387E820BB99CD00E78B25 /* AWSAPI_DI8UQ5E635_RequestSchema.m in Sources */,
				0F1387EA20BB99D100E78B25 /* AWSAPI_DI8UQ5E635_ResponseSchema.m in Sources */,
				0F1387DE20BB8AF500E78B25 /* QRScannerController.swift in Sources */,
				0FA2D18020B5FBA500D7F243 /* LoginViewController.swift in Sources */,
				0F47BF1C20B63C4C00C2CA55 /* DB.swift in Sources */,
				0F47BF4320B7E7E600C2CA55 /* Listing.swift in Sources */,
				0F47BF3120B642B000C2CA55 /* UIViewControllerExtension.swift in Sources */,
				0F1387F220BB9CE000E78B25 /* StringExtension.swift in Sources */,
				0F47BF4220B7E7E600C2CA55 /* Rental.swift in Sources */,
				0F47BF4020B7E7E600C2CA55 /* User.swift in Sources */,
				0F47BF4120B7E7E600C2CA55 /* Ratings.swift in Sources */,
				0F47BF4820B7EFB400C2CA55 /* Globals.swift in Sources */,
				0FA2D17E20B5FBA500D7F243 /* AppDelegate.swift in Sources */,
				0F47BF4C20B9388D00C2CA55 /* CreateListingViewController.swift in Sources */,
				0F47BF4E20B9435200C2CA55 /* Constants.swift in Sources */,
			);
			runOnlyForDeploymentPostprocessing = 0;
		};
/* End PBXSourcesBuildPhase section */

/* Begin PBXTargetDependency section */
		0F47BF2720B63D3500C2CA55 /* PBXTargetDependency */ = {
			isa = PBXTargetDependency;
			target = 0FA2D17920B5FBA500D7F243 /* StyleRent */;
			targetProxy = 0F47BF2620B63D3500C2CA55 /* PBXContainerItemProxy */;
		};
/* End PBXTargetDependency section */

/* Begin PBXVariantGroup section */
		0FA2D18120B5FBA500D7F243 /* Main.storyboard */ = {
			isa = PBXVariantGroup;
			children = (
				0FA2D18220B5FBA500D7F243 /* Base */,
			);
			name = Main.storyboard;
			sourceTree = "<group>";
		};
		0FA2D18620B5FBA800D7F243 /* LaunchScreen.storyboard */ = {
			isa = PBXVariantGroup;
			children = (
				0FA2D18720B5FBA800D7F243 /* Base */,
			);
			name = LaunchScreen.storyboard;
			sourceTree = "<group>";
		};
/* End PBXVariantGroup section */

/* Begin XCBuildConfiguration section */
		0F47BF2920B63D3500C2CA55 /* Debug */ = {
			isa = XCBuildConfiguration;
			buildSettings = {
				BUNDLE_LOADER = "$(TEST_HOST)";
				CODE_SIGN_STYLE = Automatic;
				DEVELOPMENT_TEAM = NH6S8FD2DQ;
				INFOPLIST_FILE = StyleRentTests/Info.plist;
				LD_RUNPATH_SEARCH_PATHS = (
					"$(inherited)",
					"@executable_path/Frameworks",
					"@loader_path/Frameworks",
				);
				PRODUCT_BUNDLE_IDENTIFIER = com.rohinbhushan.StyleRentTests;
				PRODUCT_NAME = "$(TARGET_NAME)";
				SWIFT_VERSION = 4.0;
				TARGETED_DEVICE_FAMILY = "1,2";
				TEST_HOST = "$(BUILT_PRODUCTS_DIR)/StyleRent.app/StyleRent";
			};
			name = Debug;
		};
		0F47BF2A20B63D3500C2CA55 /* Release */ = {
			isa = XCBuildConfiguration;
			buildSettings = {
				BUNDLE_LOADER = "$(TEST_HOST)";
				CODE_SIGN_STYLE = Automatic;
				DEVELOPMENT_TEAM = NH6S8FD2DQ;
				INFOPLIST_FILE = StyleRentTests/Info.plist;
				LD_RUNPATH_SEARCH_PATHS = (
					"$(inherited)",
					"@executable_path/Frameworks",
					"@loader_path/Frameworks",
				);
				PRODUCT_BUNDLE_IDENTIFIER = com.rohinbhushan.StyleRentTests;
				PRODUCT_NAME = "$(TARGET_NAME)";
				SWIFT_VERSION = 4.0;
				TARGETED_DEVICE_FAMILY = "1,2";
				TEST_HOST = "$(BUILT_PRODUCTS_DIR)/StyleRent.app/StyleRent";
			};
			name = Release;
		};
		0FA2D18A20B5FBA800D7F243 /* Debug */ = {
			isa = XCBuildConfiguration;
			buildSettings = {
				ALWAYS_SEARCH_USER_PATHS = NO;
				CLANG_ANALYZER_NONNULL = YES;
				CLANG_ANALYZER_NUMBER_OBJECT_CONVERSION = YES_AGGRESSIVE;
				CLANG_CXX_LANGUAGE_STANDARD = "gnu++14";
				CLANG_CXX_LIBRARY = "libc++";
				CLANG_ENABLE_MODULES = YES;
				CLANG_ENABLE_OBJC_ARC = YES;
				CLANG_ENABLE_OBJC_WEAK = YES;
				CLANG_WARN_BLOCK_CAPTURE_AUTORELEASING = YES;
				CLANG_WARN_BOOL_CONVERSION = YES;
				CLANG_WARN_COMMA = YES;
				CLANG_WARN_CONSTANT_CONVERSION = YES;
				CLANG_WARN_DEPRECATED_OBJC_IMPLEMENTATIONS = YES;
				CLANG_WARN_DIRECT_OBJC_ISA_USAGE = YES_ERROR;
				CLANG_WARN_DOCUMENTATION_COMMENTS = YES;
				CLANG_WARN_EMPTY_BODY = YES;
				CLANG_WARN_ENUM_CONVERSION = YES;
				CLANG_WARN_INFINITE_RECURSION = YES;
				CLANG_WARN_INT_CONVERSION = YES;
				CLANG_WARN_NON_LITERAL_NULL_CONVERSION = YES;
				CLANG_WARN_OBJC_IMPLICIT_RETAIN_SELF = YES;
				CLANG_WARN_OBJC_LITERAL_CONVERSION = YES;
				CLANG_WARN_OBJC_ROOT_CLASS = YES_ERROR;
				CLANG_WARN_RANGE_LOOP_ANALYSIS = YES;
				CLANG_WARN_STRICT_PROTOTYPES = YES;
				CLANG_WARN_SUSPICIOUS_MOVE = YES;
				CLANG_WARN_UNGUARDED_AVAILABILITY = YES_AGGRESSIVE;
				CLANG_WARN_UNREACHABLE_CODE = YES;
				CLANG_WARN__DUPLICATE_METHOD_MATCH = YES;
				CODE_SIGN_IDENTITY = "iPhone Developer";
				COPY_PHASE_STRIP = NO;
				DEBUG_INFORMATION_FORMAT = dwarf;
				ENABLE_STRICT_OBJC_MSGSEND = YES;
				ENABLE_TESTABILITY = YES;
				GCC_C_LANGUAGE_STANDARD = gnu11;
				GCC_DYNAMIC_NO_PIC = NO;
				GCC_NO_COMMON_BLOCKS = YES;
				GCC_OPTIMIZATION_LEVEL = 0;
				GCC_PREPROCESSOR_DEFINITIONS = (
					"DEBUG=1",
					"$(inherited)",
				);
				GCC_WARN_64_TO_32_BIT_CONVERSION = YES;
				GCC_WARN_ABOUT_RETURN_TYPE = YES_ERROR;
				GCC_WARN_UNDECLARED_SELECTOR = YES;
				GCC_WARN_UNINITIALIZED_AUTOS = YES_AGGRESSIVE;
				GCC_WARN_UNUSED_FUNCTION = YES;
				GCC_WARN_UNUSED_VARIABLE = YES;
				IPHONEOS_DEPLOYMENT_TARGET = 11.3;
				MTL_ENABLE_DEBUG_INFO = YES;
				ONLY_ACTIVE_ARCH = YES;
				SDKROOT = iphoneos;
				SWIFT_ACTIVE_COMPILATION_CONDITIONS = DEBUG;
				SWIFT_OPTIMIZATION_LEVEL = "-Onone";
			};
			name = Debug;
		};
		0FA2D18B20B5FBA800D7F243 /* Release */ = {
			isa = XCBuildConfiguration;
			buildSettings = {
				ALWAYS_SEARCH_USER_PATHS = NO;
				CLANG_ANALYZER_NONNULL = YES;
				CLANG_ANALYZER_NUMBER_OBJECT_CONVERSION = YES_AGGRESSIVE;
				CLANG_CXX_LANGUAGE_STANDARD = "gnu++14";
				CLANG_CXX_LIBRARY = "libc++";
				CLANG_ENABLE_MODULES = YES;
				CLANG_ENABLE_OBJC_ARC = YES;
				CLANG_ENABLE_OBJC_WEAK = YES;
				CLANG_WARN_BLOCK_CAPTURE_AUTORELEASING = YES;
				CLANG_WARN_BOOL_CONVERSION = YES;
				CLANG_WARN_COMMA = YES;
				CLANG_WARN_CONSTANT_CONVERSION = YES;
				CLANG_WARN_DEPRECATED_OBJC_IMPLEMENTATIONS = YES;
				CLANG_WARN_DIRECT_OBJC_ISA_USAGE = YES_ERROR;
				CLANG_WARN_DOCUMENTATION_COMMENTS = YES;
				CLANG_WARN_EMPTY_BODY = YES;
				CLANG_WARN_ENUM_CONVERSION = YES;
				CLANG_WARN_INFINITE_RECURSION = YES;
				CLANG_WARN_INT_CONVERSION = YES;
				CLANG_WARN_NON_LITERAL_NULL_CONVERSION = YES;
				CLANG_WARN_OBJC_IMPLICIT_RETAIN_SELF = YES;
				CLANG_WARN_OBJC_LITERAL_CONVERSION = YES;
				CLANG_WARN_OBJC_ROOT_CLASS = YES_ERROR;
				CLANG_WARN_RANGE_LOOP_ANALYSIS = YES;
				CLANG_WARN_STRICT_PROTOTYPES = YES;
				CLANG_WARN_SUSPICIOUS_MOVE = YES;
				CLANG_WARN_UNGUARDED_AVAILABILITY = YES_AGGRESSIVE;
				CLANG_WARN_UNREACHABLE_CODE = YES;
				CLANG_WARN__DUPLICATE_METHOD_MATCH = YES;
				CODE_SIGN_IDENTITY = "iPhone Developer";
				COPY_PHASE_STRIP = NO;
				DEBUG_INFORMATION_FORMAT = "dwarf-with-dsym";
				ENABLE_NS_ASSERTIONS = NO;
				ENABLE_STRICT_OBJC_MSGSEND = YES;
				GCC_C_LANGUAGE_STANDARD = gnu11;
				GCC_NO_COMMON_BLOCKS = YES;
				GCC_WARN_64_TO_32_BIT_CONVERSION = YES;
				GCC_WARN_ABOUT_RETURN_TYPE = YES_ERROR;
				GCC_WARN_UNDECLARED_SELECTOR = YES;
				GCC_WARN_UNINITIALIZED_AUTOS = YES_AGGRESSIVE;
				GCC_WARN_UNUSED_FUNCTION = YES;
				GCC_WARN_UNUSED_VARIABLE = YES;
				IPHONEOS_DEPLOYMENT_TARGET = 11.3;
				MTL_ENABLE_DEBUG_INFO = NO;
				SDKROOT = iphoneos;
				SWIFT_COMPILATION_MODE = wholemodule;
				SWIFT_OPTIMIZATION_LEVEL = "-O";
				VALIDATE_PRODUCT = YES;
			};
			name = Release;
		};
		0FA2D18D20B5FBA800D7F243 /* Debug */ = {
			isa = XCBuildConfiguration;
			baseConfigurationReference = 81724D835042D626E98E91D4 /* Pods-StyleRent.debug.xcconfig */;
			buildSettings = {
				ASSETCATALOG_COMPILER_APPICON_NAME = AppIcon;
				CODE_SIGN_STYLE = Automatic;
				DEVELOPMENT_TEAM = NH6S8FD2DQ;
				FRAMEWORK_SEARCH_PATHS = (
					"$(inherited)",
					"$(PROJECT_DIR)",
					"\"$(SRCROOT)/Bolts.framework\"",
				);
				INFOPLIST_FILE = StyleRent/Info.plist;
				IPHONEOS_DEPLOYMENT_TARGET = 10.0;
				LD_RUNPATH_SEARCH_PATHS = (
					"$(inherited)",
					"@executable_path/Frameworks",
				);
				PRODUCT_BUNDLE_IDENTIFIER = com.rohinbhushan.StyleRent;
				PRODUCT_NAME = "$(TARGET_NAME)";
				SWIFT_OBJC_BRIDGING_HEADER = StyleRent/Bridging_Header.h;
				SWIFT_VERSION = 4.0;
				TARGETED_DEVICE_FAMILY = "1,2";
			};
			name = Debug;
		};
		0FA2D18E20B5FBA800D7F243 /* Release */ = {
			isa = XCBuildConfiguration;
			baseConfigurationReference = 13CD6D88FC7021165C65618F /* Pods-StyleRent.release.xcconfig */;
			buildSettings = {
				ASSETCATALOG_COMPILER_APPICON_NAME = AppIcon;
				CODE_SIGN_STYLE = Automatic;
				DEVELOPMENT_TEAM = NH6S8FD2DQ;
				FRAMEWORK_SEARCH_PATHS = (
					"$(inherited)",
					"$(PROJECT_DIR)",
				);
				INFOPLIST_FILE = StyleRent/Info.plist;
				IPHONEOS_DEPLOYMENT_TARGET = 10.0;
				LD_RUNPATH_SEARCH_PATHS = (
					"$(inherited)",
					"@executable_path/Frameworks",
				);
				PRODUCT_BUNDLE_IDENTIFIER = com.rohinbhushan.StyleRent;
				PRODUCT_NAME = "$(TARGET_NAME)";
				SWIFT_OBJC_BRIDGING_HEADER = StyleRent/Bridging_Header.h;
				SWIFT_VERSION = 4.0;
				TARGETED_DEVICE_FAMILY = "1,2";
			};
			name = Release;
		};
/* End XCBuildConfiguration section */

/* Begin XCConfigurationList section */
		0F47BF2820B63D3500C2CA55 /* Build configuration list for PBXNativeTarget "StyleRentTests" */ = {
			isa = XCConfigurationList;
			buildConfigurations = (
				0F47BF2920B63D3500C2CA55 /* Debug */,
				0F47BF2A20B63D3500C2CA55 /* Release */,
			);
			defaultConfigurationIsVisible = 0;
			defaultConfigurationName = Release;
		};
		0FA2D17520B5FBA500D7F243 /* Build configuration list for PBXProject "StyleRent" */ = {
			isa = XCConfigurationList;
			buildConfigurations = (
				0FA2D18A20B5FBA800D7F243 /* Debug */,
				0FA2D18B20B5FBA800D7F243 /* Release */,
			);
			defaultConfigurationIsVisible = 0;
			defaultConfigurationName = Release;
		};
		0FA2D18C20B5FBA800D7F243 /* Build configuration list for PBXNativeTarget "StyleRent" */ = {
			isa = XCConfigurationList;
			buildConfigurations = (
				0FA2D18D20B5FBA800D7F243 /* Debug */,
				0FA2D18E20B5FBA800D7F243 /* Release */,
			);
			defaultConfigurationIsVisible = 0;
			defaultConfigurationName = Release;
		};
/* End XCConfigurationList section */
	};
	rootObject = 0FA2D17220B5FBA500D7F243 /* Project object */;
}
